{
  "name": "smac-testsheet-webapp",
  "lockfileVersion": 2,
  "requires": true,
  "packages": {
    "": {
      "dependencies": {
        "pspdfkit": "^2022.2.1"
      }
    },
    "node_modules/pspdfkit": {
      "version": "2022.2.1",
      "resolved": "https://registry.npmjs.org/pspdfkit/-/pspdfkit-2022.2.1.tgz",
      "integrity": "sha512-KW1iiP+NLXuuUxIFycTABKId87Ulc1Y7jCIbm5xwYbhBHaBu1aK71/2Q3PSG/dXoeLaM9WgPKE230PvxQeWblw=="
    }
  },
  "dependencies": {
    "pspdfkit": {
      "version": "2022.2.1",
      "resolved": "https://registry.npmjs.org/pspdfkit/-/pspdfkit-2022.2.1.tgz",
      "integrity": "sha512-KW1iiP+NLXuuUxIFycTABKId87Ulc1Y7jCIbm5xwYbhBHaBu1aK71/2Q3PSG/dXoeLaM9WgPKE230PvxQeWblw=="
    }
  }
}
